
Microsoft Visual Studio Solution File, Format Version 12.00
# Visual Studio Version 17
VisualStudioVersion = 17.9.34511.98
MinimumVisualStudioVersion = 10.0.40219.1
Project("{9A19103F-16F7-4668-BE54-9A1E7A4F7556}") = "Desktop", "src\Desktop\Desktop.csproj", "{E071E96F-FC5D-4E16-97E6-309DA5A69D6B}"
EndProject
Project("{2150E333-8FDC-42A3-9474-1A3956D46DE8}") = "Solution Items", "Solution Items", "{9F34805D-A7DC-4832-B0A6-6A6597BE4BC1}"
	ProjectSection(SolutionItems) = preProject
		.editorconfig = .editorconfig
		LICENSE = LICENSE
		README.md = README.md
	EndProjectSection
EndProject
Project("{FAE04EC0-301F-11D3-BF4B-00C04F79EFBC}") = "Core", "src\Core\Core.csproj", "{88D2A171-C3BE-44ED-9A02-A3B064BCE806}"
EndProject
Project("{FAE04EC0-301F-11D3-BF4B-00C04F79EFBC}") = "Infrastructure", "src\Infrastructure\Infrastructure.csproj", "{841E503A-8303-4729-9CCC-CBBD316D7E7C}"
EndProject
Project("{FAE04EC0-301F-11D3-BF4B-00C04F79EFBC}") = "UnitTests", "tests\UnitTests\UnitTests.csproj", "{7CDAFF4A-B413-49F1-85DD-EBAD6F9D807B}"
EndProject
Project("{FAE04EC0-301F-11D3-BF4B-00C04F79EFBC}") = "E2ETests", "tests\E2ETests\E2ETests.csproj", "{DA307BD3-D837-496D-9B24-4EB66E7D4DCD}"
EndProject
Global
	GlobalSection(SolutionConfigurationPlatforms) = preSolution
		Debug|Any CPU = Debug|Any CPU
		Release|Any CPU = Release|Any CPU
	EndGlobalSection
	GlobalSection(ProjectConfigurationPlatforms) = postSolution
		{E071E96F-FC5D-4E16-97E6-309DA5A69D6B}.Debug|Any CPU.ActiveCfg = Debug|Any CPU
		{E071E96F-FC5D-4E16-97E6-309DA5A69D6B}.Debug|Any CPU.Build.0 = Debug|Any CPU
		{E071E96F-FC5D-4E16-97E6-309DA5A69D6B}.Release|Any CPU.ActiveCfg = Release|Any CPU
		{E071E96F-FC5D-4E16-97E6-309DA5A69D6B}.Release|Any CPU.Build.0 = Release|Any CPU
		{88D2A171-C3BE-44ED-9A02-A3B064BCE806}.Debug|Any CPU.ActiveCfg = Debug|Any CPU
		{88D2A171-C3BE-44ED-9A02-A3B064BCE806}.Debug|Any CPU.Build.0 = Debug|Any CPU
		{88D2A171-C3BE-44ED-9A02-A3B064BCE806}.Release|Any CPU.ActiveCfg = Release|Any CPU
		{88D2A171-C3BE-44ED-9A02-A3B064BCE806}.Release|Any CPU.Build.0 = Release|Any CPU
		{841E503A-8303-4729-9CCC-CBBD316D7E7C}.Debug|Any CPU.ActiveCfg = Debug|Any CPU
		{841E503A-8303-4729-9CCC-CBBD316D7E7C}.Debug|Any CPU.Build.0 = Debug|Any CPU
		{841E503A-8303-4729-9CCC-CBBD316D7E7C}.Release|Any CPU.ActiveCfg = Release|Any CPU
		{841E503A-8303-4729-9CCC-CBBD316D7E7C}.Release|Any CPU.Build.0 = Release|Any CPU
		{7CDAFF4A-B413-49F1-85DD-EBAD6F9D807B}.Debug|Any CPU.ActiveCfg = Debug|Any CPU
		{7CDAFF4A-B413-49F1-85DD-EBAD6F9D807B}.Debug|Any CPU.Build.0 = Debug|Any CPU
		{7CDAFF4A-B413-49F1-85DD-EBAD6F9D807B}.Release|Any CPU.ActiveCfg = Release|Any CPU
		{7CDAFF4A-B413-49F1-85DD-EBAD6F9D807B}.Release|Any CPU.Build.0 = Release|Any CPU
		{DA307BD3-D837-496D-9B24-4EB66E7D4DCD}.Debug|Any CPU.ActiveCfg = Debug|Any CPU
		{DA307BD3-D837-496D-9B24-4EB66E7D4DCD}.Debug|Any CPU.Build.0 = Debug|Any CPU
		{DA307BD3-D837-496D-9B24-4EB66E7D4DCD}.Release|Any CPU.ActiveCfg = Release|Any CPU
		{DA307BD3-D837-496D-9B24-4EB66E7D4DCD}.Release|Any CPU.Build.0 = Release|Any CPU
	EndGlobalSection
	GlobalSection(SolutionProperties) = preSolution
		HideSolutionNode = FALSE
	EndGlobalSection
	GlobalSection(ExtensibilityGlobals) = postSolution
		SolutionGuid = {CED2857E-4880-4FA5-90E7-DA1746537184}
	EndGlobalSection
EndGlobal
